
Microsoft Visual Studio Solution File, Format Version 12.00
# Visual Studio Version 16
VisualStudioVersion = 16.0.31911.196
MinimumVisualStudioVersion = 10.0.40219.1
Project("{FAE04EC0-301F-11D3-BF4B-00C04F79EFBC}") = "BirdsProject1", "BirdsProject1.csproj", "{BDC0E455-FA40-4413-8413-A00196AD7696}"
EndProject
Global
	GlobalSection(SolutionConfigurationPlatforms) = preSolution
		Debug|Any CPU = Debug|Any CPU
		Release|Any CPU = Release|Any CPU
	EndGlobalSection
	GlobalSection(ProjectConfigurationPlatforms) = postSolution
		{BDC0E455-FA40-4413-8413-A00196AD7696}.Debug|Any CPU.ActiveCfg = Debug|Any CPU
		{BDC0E455-FA40-4413-8413-A00196AD7696}.Debug|Any CPU.Build.0 = Debug|Any CPU
		{BDC0E455-FA40-4413-8413-A00196AD7696}.Release|Any CPU.ActiveCfg = Release|Any CPU
		{BDC0E455-FA40-4413-8413-A00196AD7696}.Release|Any CPU.Build.0 = Release|Any CPU
	EndGlobalSection
	GlobalSection(SolutionProperties) = preSolution
		HideSolutionNode = FALSE
	EndGlobalSection
	GlobalSection(ExtensibilityGlobals) = postSolution
		SolutionGuid = {CEC6F912-2F4B-4547-8F73-2E1C0A555551}
	EndGlobalSection
EndGlobal
